
Microsoft Visual Studio Solution File, Format Version 12.00
# Visual Studio 14
VisualStudioVersion = 14.0.23107.0
MinimumVisualStudioVersion = 10.0.40219.1
Project("{FAE04EC0-301F-11D3-BF4B-00C04F79EFBC}") = "Task1.DDT", "Task1.DDT\Task1.DDT.csproj", "{33EE548D-E289-4A52-A470-6B201B15E9C9}"
EndProject
Project("{FAE04EC0-301F-11D3-BF4B-00C04F79EFBC}") = "Task1.DDT.Tests", "Task1.DDT.Tests\Task1.DDT.Tests.csproj", "{36A0B8DB-5D3F-478D-9487-59C51616F5F0}"
EndProject
Project("{FAE04EC0-301F-11D3-BF4B-00C04F79EFBC}") = "Task1.NUnit.Tests", "Task1.NUnit.Tests\Task1.NUnit.Tests.csproj", "{216E7362-EDFF-4563-B243-224381B412DC}"
EndProject
Project("{FAE04EC0-301F-11D3-BF4B-00C04F79EFBC}") = "Task2", "Task2\Task2.csproj", "{D507B111-7C7A-4EBA-90EB-A1972F974F9B}"
EndProject
Project("{FAE04EC0-301F-11D3-BF4B-00C04F79EFBC}") = "Task2.NUnit.Tests", "Task2.NUnit.Tests\Task2.NUnit.Tests.csproj", "{54E579D2-CAE0-46CF-94BC-F17CC5FD6A70}"
EndProject
Global
	GlobalSection(SolutionConfigurationPlatforms) = preSolution
		Debug|Any CPU = Debug|Any CPU
		Release|Any CPU = Release|Any CPU
	EndGlobalSection
	GlobalSection(ProjectConfigurationPlatforms) = postSolution
		{33EE548D-E289-4A52-A470-6B201B15E9C9}.Debug|Any CPU.ActiveCfg = Debug|Any CPU
		{33EE548D-E289-4A52-A470-6B201B15E9C9}.Debug|Any CPU.Build.0 = Debug|Any CPU
		{33EE548D-E289-4A52-A470-6B201B15E9C9}.Release|Any CPU.ActiveCfg = Release|Any CPU
		{33EE548D-E289-4A52-A470-6B201B15E9C9}.Release|Any CPU.Build.0 = Release|Any CPU
		{36A0B8DB-5D3F-478D-9487-59C51616F5F0}.Debug|Any CPU.ActiveCfg = Debug|Any CPU
		{36A0B8DB-5D3F-478D-9487-59C51616F5F0}.Debug|Any CPU.Build.0 = Debug|Any CPU
		{36A0B8DB-5D3F-478D-9487-59C51616F5F0}.Release|Any CPU.ActiveCfg = Release|Any CPU
		{36A0B8DB-5D3F-478D-9487-59C51616F5F0}.Release|Any CPU.Build.0 = Release|Any CPU
		{216E7362-EDFF-4563-B243-224381B412DC}.Debug|Any CPU.ActiveCfg = Debug|Any CPU
		{216E7362-EDFF-4563-B243-224381B412DC}.Debug|Any CPU.Build.0 = Debug|Any CPU
		{216E7362-EDFF-4563-B243-224381B412DC}.Release|Any CPU.ActiveCfg = Release|Any CPU
		{216E7362-EDFF-4563-B243-224381B412DC}.Release|Any CPU.Build.0 = Release|Any CPU
		{D507B111-7C7A-4EBA-90EB-A1972F974F9B}.Debug|Any CPU.ActiveCfg = Debug|Any CPU
		{D507B111-7C7A-4EBA-90EB-A1972F974F9B}.Debug|Any CPU.Build.0 = Debug|Any CPU
		{D507B111-7C7A-4EBA-90EB-A1972F974F9B}.Release|Any CPU.ActiveCfg = Release|Any CPU
		{D507B111-7C7A-4EBA-90EB-A1972F974F9B}.Release|Any CPU.Build.0 = Release|Any CPU
		{54E579D2-CAE0-46CF-94BC-F17CC5FD6A70}.Debug|Any CPU.ActiveCfg = Debug|Any CPU
		{54E579D2-CAE0-46CF-94BC-F17CC5FD6A70}.Debug|Any CPU.Build.0 = Debug|Any CPU
		{54E579D2-CAE0-46CF-94BC-F17CC5FD6A70}.Release|Any CPU.ActiveCfg = Release|Any CPU
		{54E579D2-CAE0-46CF-94BC-F17CC5FD6A70}.Release|Any CPU.Build.0 = Release|Any CPU
	EndGlobalSection
	GlobalSection(SolutionProperties) = preSolution
		HideSolutionNode = FALSE
	EndGlobalSection
EndGlobal
